
Microsoft Visual Studio Solution File, Format Version 12.00
# Visual Studio Version 17
VisualStudioVersion = 17.8.34525.116
MinimumVisualStudioVersion = 10.0.40219.1
Project("{9A19103F-16F7-4668-BE54-9A1E7A4F7556}") = "proje1", "proje1.csproj", "{871E4A6A-31C7-4E32-ACE2-AEC026ABA517}"
EndProject
Global
	GlobalSection(SolutionConfigurationPlatforms) = preSolution
		Debug|Any CPU = Debug|Any CPU
		Release|Any CPU = Release|Any CPU
	EndGlobalSection
	GlobalSection(ProjectConfigurationPlatforms) = postSolution
		{871E4A6A-31C7-4E32-ACE2-AEC026ABA517}.Debug|Any CPU.ActiveCfg = Debug|Any CPU
		{871E4A6A-31C7-4E32-ACE2-AEC026ABA517}.Debug|Any CPU.Build.0 = Debug|Any CPU
		{871E4A6A-31C7-4E32-ACE2-AEC026ABA517}.Release|Any CPU.ActiveCfg = Release|Any CPU
		{871E4A6A-31C7-4E32-ACE2-AEC026ABA517}.Release|Any CPU.Build.0 = Release|Any CPU
	EndGlobalSection
	GlobalSection(SolutionProperties) = preSolution
		HideSolutionNode = FALSE
	EndGlobalSection
	GlobalSection(ExtensibilityGlobals) = postSolution
		SolutionGuid = {CE18B2ED-EBFA-4443-BAF0-6AB4C3DEAA83}
	EndGlobalSection
EndGlobal
